// !$*UTF8*$!
{
	archiveVersion = 1;
	classes = {
	};
	objectVersion = 46;
	objects = {

/* Begin PBXBuildFile section */
		1868F8061F5C2B6800446829 /* StoryViewModel.swift in Sources */ = {isa = PBXBuildFile; fileRef = 1868F8051F5C2B6800446829 /* StoryViewModel.swift */; };
		1868F80A1F5C323600446829 /* ViewModelTests.swift in Sources */ = {isa = PBXBuildFile; fileRef = 1868F8091F5C323600446829 /* ViewModelTests.swift */; };
		18E56D0B1F5929780015F39C /* StoryListViewController.swift in Sources */ = {isa = PBXBuildFile; fileRef = 18E56D0A1F5929780015F39C /* StoryListViewController.swift */; };
		18E56D0D1F5929840015F39C /* StoryDetailViewController.swift in Sources */ = {isa = PBXBuildFile; fileRef = 18E56D0C1F5929840015F39C /* StoryDetailViewController.swift */; };
		18E56D101F5929FA0015F39C /* StoryCell.swift in Sources */ = {isa = PBXBuildFile; fileRef = 18E56D0F1F5929FA0015F39C /* StoryCell.swift */; };
		18E56D121F592A1D0015F39C /* ImageCell.swift in Sources */ = {isa = PBXBuildFile; fileRef = 18E56D111F592A1D0015F39C /* ImageCell.swift */; };
		18E56D141F592A640015F39C /* StoryDetailView.swift in Sources */ = {isa = PBXBuildFile; fileRef = 18E56D131F592A640015F39C /* StoryDetailView.swift */; };
		18E56D191F593E770015F39C /* CameraViewController.swift in Sources */ = {isa = PBXBuildFile; fileRef = 18E56D181F593E770015F39C /* CameraViewController.swift */; };
		18E56D1C1F5942B40015F39C /* CameraView.swift in Sources */ = {isa = PBXBuildFile; fileRef = 18E56D1B1F5942B40015F39C /* CameraView.swift */; };
		18E56D1E1F59432A0015F39C /* CaptureSessionManager.swift in Sources */ = {isa = PBXBuildFile; fileRef = 18E56D1D1F59432A0015F39C /* CaptureSessionManager.swift */; };
		18E56D201F5A57F50015F39C /* StoryAddViewController.swift in Sources */ = {isa = PBXBuildFile; fileRef = 18E56D1F1F5A57F50015F39C /* StoryAddViewController.swift */; };
		18E56D221F5AB50C0015F39C /* Story.swift in Sources */ = {isa = PBXBuildFile; fileRef = 18E56D211F5AB50C0015F39C /* Story.swift */; };
		18E56D241F5AB69C0015F39C /* Image.swift in Sources */ = {isa = PBXBuildFile; fileRef = 18E56D231F5AB69C0015F39C /* Image.swift */; };
		18E56D261F5ABDB10015F39C /* Storage.swift in Sources */ = {isa = PBXBuildFile; fileRef = 18E56D251F5ABDB10015F39C /* Storage.swift */; };
		18E56D2A1F5BD08C0015F39C /* ArrayExt.swift in Sources */ = {isa = PBXBuildFile; fileRef = 18E56D291F5BD08C0015F39C /* ArrayExt.swift */; };
		18E56D2C1F5C05610015F39C /* ImagePresentableProtocol.swift in Sources */ = {isa = PBXBuildFile; fileRef = 18E56D2B1F5C05610015F39C /* ImagePresentableProtocol.swift */; };
		18E56D301F5C0A560015F39C /* Test.swift in Sources */ = {isa = PBXBuildFile; fileRef = 18E56D2F1F5C0A560015F39C /* Test.swift */; };
		18E56D381F5C0D8C0015F39C /* KeyboardResignAccessoryView.swift in Sources */ = {isa = PBXBuildFile; fileRef = 18E56D371F5C0D8C0015F39C /* KeyboardResignAccessoryView.swift */; };
		18E56D3D1F5C138F0015F39C /* t0.png in Resources */ = {isa = PBXBuildFile; fileRef = 18E56D3A1F5C138F0015F39C /* t0.png */; };
		18E56D3E1F5C138F0015F39C /* t1.png in Resources */ = {isa = PBXBuildFile; fileRef = 18E56D3B1F5C138F0015F39C /* t1.png */; };
		18E56D3F1F5C138F0015F39C /* t2.png in Resources */ = {isa = PBXBuildFile; fileRef = 18E56D3C1F5C138F0015F39C /* t2.png */; };
		18E56D411F5C13AC0015F39C /* StorageTests.swift in Sources */ = {isa = PBXBuildFile; fileRef = 18E56D401F5C13AC0015F39C /* StorageTests.swift */; };
		18F029EA1F551E4000ABFDA9 /* AppDelegate.swift in Sources */ = {isa = PBXBuildFile; fileRef = 18F029E91F551E4000ABFDA9 /* AppDelegate.swift */; };
		18F029F41F551E4000ABFDA9 /* Assets.xcassets in Resources */ = {isa = PBXBuildFile; fileRef = 18F029F31F551E4000ABFDA9 /* Assets.xcassets */; };
		18F029F71F551E4000ABFDA9 /* LaunchScreen.storyboard in Resources */ = {isa = PBXBuildFile; fileRef = 18F029F51F551E4000ABFDA9 /* LaunchScreen.storyboard */; };
		18F02A021F551E4000ABFDA9 /* galleryTests.swift in Sources */ = {isa = PBXBuildFile; fileRef = 18F02A011F551E4000ABFDA9 /* galleryTests.swift */; };
		619C2E761B590B2A965321BB /* Pods_gallery.framework in Frameworks */ = {isa = PBXBuildFile; fileRef = 7829D32E1B97F02949339C7A /* Pods_gallery.framework */; };
		A32693B5A2EBAE67FD920A13 /* Pods_galleryTests.framework in Frameworks */ = {isa = PBXBuildFile; fileRef = A53548482FD0FE74C289BD5D /* Pods_galleryTests.framework */; };
/* End PBXBuildFile section */

/* Begin PBXContainerItemProxy section */
		18F029FE1F551E4000ABFDA9 /* PBXContainerItemProxy */ = {
			isa = PBXContainerItemProxy;
			containerPortal = 18F029DE1F551E4000ABFDA9 /* Project object */;
			proxyType = 1;
			remoteGlobalIDString = 18F029E51F551E4000ABFDA9;
			remoteInfo = gallery;
		};
/* End PBXContainerItemProxy section */

/* Begin PBXFileReference section */
		1868F8051F5C2B6800446829 /* StoryViewModel.swift */ = {isa = PBXFileReference; fileEncoding = 4; lastKnownFileType = sourcecode.swift; path = StoryViewModel.swift; sourceTree = "<group>"; };
		1868F8091F5C323600446829 /* ViewModelTests.swift */ = {isa = PBXFileReference; fileEncoding = 4; lastKnownFileType = sourcecode.swift; path = ViewModelTests.swift; sourceTree = "<group>"; };
		18E56D0A1F5929780015F39C /* StoryListViewController.swift */ = {isa = PBXFileReference; fileEncoding = 4; lastKnownFileType = sourcecode.swift; path = StoryListViewController.swift; sourceTree = "<group>"; };
		18E56D0C1F5929840015F39C /* StoryDetailViewController.swift */ = {isa = PBXFileReference; fileEncoding = 4; lastKnownFileType = sourcecode.swift; path = StoryDetailViewController.swift; sourceTree = "<group>"; };
		18E56D0F1F5929FA0015F39C /* StoryCell.swift */ = {isa = PBXFileReference; fileEncoding = 4; lastKnownFileType = sourcecode.swift; path = StoryCell.swift; sourceTree = "<group>"; };
		18E56D111F592A1D0015F39C /* ImageCell.swift */ = {isa = PBXFileReference; fileEncoding = 4; lastKnownFileType = sourcecode.swift; path = ImageCell.swift; sourceTree = "<group>"; };
		18E56D131F592A640015F39C /* StoryDetailView.swift */ = {isa = PBXFileReference; fileEncoding = 4; lastKnownFileType = sourcecode.swift; path = StoryDetailView.swift; sourceTree = "<group>"; };
		18E56D181F593E770015F39C /* CameraViewController.swift */ = {isa = PBXFileReference; fileEncoding = 4; lastKnownFileType = sourcecode.swift; path = CameraViewController.swift; sourceTree = "<group>"; };
		18E56D1B1F5942B40015F39C /* CameraView.swift */ = {isa = PBXFileReference; fileEncoding = 4; lastKnownFileType = sourcecode.swift; path = CameraView.swift; sourceTree = "<group>"; };
		18E56D1D1F59432A0015F39C /* CaptureSessionManager.swift */ = {isa = PBXFileReference; fileEncoding = 4; lastKnownFileType = sourcecode.swift; path = CaptureSessionManager.swift; sourceTree = "<group>"; };
		18E56D1F1F5A57F50015F39C /* StoryAddViewController.swift */ = {isa = PBXFileReference; fileEncoding = 4; lastKnownFileType = sourcecode.swift; path = StoryAddViewController.swift; sourceTree = "<group>"; };
		18E56D211F5AB50C0015F39C /* Story.swift */ = {isa = PBXFileReference; fileEncoding = 4; lastKnownFileType = sourcecode.swift; path = Story.swift; sourceTree = "<group>"; };
		18E56D231F5AB69C0015F39C /* Image.swift */ = {isa = PBXFileReference; fileEncoding = 4; lastKnownFileType = sourcecode.swift; path = Image.swift; sourceTree = "<group>"; };
		18E56D251F5ABDB10015F39C /* Storage.swift */ = {isa = PBXFileReference; fileEncoding = 4; lastKnownFileType = sourcecode.swift; path = Storage.swift; sourceTree = "<group>"; };
		18E56D291F5BD08C0015F39C /* ArrayExt.swift */ = {isa = PBXFileReference; fileEncoding = 4; lastKnownFileType = sourcecode.swift; path = ArrayExt.swift; sourceTree = "<group>"; };
		18E56D2B1F5C05610015F39C /* ImagePresentableProtocol.swift */ = {isa = PBXFileReference; fileEncoding = 4; lastKnownFileType = sourcecode.swift; path = ImagePresentableProtocol.swift; sourceTree = "<group>"; };
		18E56D2F1F5C0A560015F39C /* Test.swift */ = {isa = PBXFileReference; fileEncoding = 4; lastKnownFileType = sourcecode.swift; path = Test.swift; sourceTree = "<group>"; };
		18E56D371F5C0D8C0015F39C /* KeyboardResignAccessoryView.swift */ = {isa = PBXFileReference; fileEncoding = 4; lastKnownFileType = sourcecode.swift; path = KeyboardResignAccessoryView.swift; sourceTree = "<group>"; };
		18E56D3A1F5C138F0015F39C /* t0.png */ = {isa = PBXFileReference; lastKnownFileType = image.png; path = t0.png; sourceTree = "<group>"; };
		18E56D3B1F5C138F0015F39C /* t1.png */ = {isa = PBXFileReference; lastKnownFileType = image.png; path = t1.png; sourceTree = "<group>"; };
		18E56D3C1F5C138F0015F39C /* t2.png */ = {isa = PBXFileReference; lastKnownFileType = image.png; path = t2.png; sourceTree = "<group>"; };
		18E56D401F5C13AC0015F39C /* StorageTests.swift */ = {isa = PBXFileReference; fileEncoding = 4; lastKnownFileType = sourcecode.swift; path = StorageTests.swift; sourceTree = "<group>"; };
		18F029E61F551E4000ABFDA9 /* gallery.app */ = {isa = PBXFileReference; explicitFileType = wrapper.application; includeInIndex = 0; path = gallery.app; sourceTree = BUILT_PRODUCTS_DIR; };
		18F029E91F551E4000ABFDA9 /* AppDelegate.swift */ = {isa = PBXFileReference; lastKnownFileType = sourcecode.swift; path = AppDelegate.swift; sourceTree = "<group>"; };
		18F029F31F551E4000ABFDA9 /* Assets.xcassets */ = {isa = PBXFileReference; lastKnownFileType = folder.assetcatalog; path = Assets.xcassets; sourceTree = "<group>"; };
		18F029F61F551E4000ABFDA9 /* Base */ = {isa = PBXFileReference; lastKnownFileType = file.storyboard; name = Base; path = Base.lproj/LaunchScreen.storyboard; sourceTree = "<group>"; };
		18F029F81F551E4000ABFDA9 /* Info.plist */ = {isa = PBXFileReference; lastKnownFileType = text.plist.xml; path = Info.plist; sourceTree = "<group>"; };
		18F029FD1F551E4000ABFDA9 /* galleryTests.xctest */ = {isa = PBXFileReference; explicitFileType = wrapper.cfbundle; includeInIndex = 0; path = galleryTests.xctest; sourceTree = BUILT_PRODUCTS_DIR; };
		18F02A011F551E4000ABFDA9 /* galleryTests.swift */ = {isa = PBXFileReference; lastKnownFileType = sourcecode.swift; path = galleryTests.swift; sourceTree = "<group>"; };
		18F02A031F551E4000ABFDA9 /* Info.plist */ = {isa = PBXFileReference; lastKnownFileType = text.plist.xml; path = Info.plist; sourceTree = "<group>"; };
		53D774B4A6A68A8599829E18 /* Pods-gallery.debug.xcconfig */ = {isa = PBXFileReference; includeInIndex = 1; lastKnownFileType = text.xcconfig; name = "Pods-gallery.debug.xcconfig"; path = "Pods/Target Support Files/Pods-gallery/Pods-gallery.debug.xcconfig"; sourceTree = "<group>"; };
		7829D32E1B97F02949339C7A /* Pods_gallery.framework */ = {isa = PBXFileReference; explicitFileType = wrapper.framework; includeInIndex = 0; path = Pods_gallery.framework; sourceTree = BUILT_PRODUCTS_DIR; };
		832779A70EF635C8E04BEA9A /* Pods-gallery.release.xcconfig */ = {isa = PBXFileReference; includeInIndex = 1; lastKnownFileType = text.xcconfig; name = "Pods-gallery.release.xcconfig"; path = "Pods/Target Support Files/Pods-gallery/Pods-gallery.release.xcconfig"; sourceTree = "<group>"; };
		A53548482FD0FE74C289BD5D /* Pods_galleryTests.framework */ = {isa = PBXFileReference; explicitFileType = wrapper.framework; includeInIndex = 0; path = Pods_galleryTests.framework; sourceTree = BUILT_PRODUCTS_DIR; };
		C260400DE1DB896046D01E2A /* Pods-galleryTests.debug.xcconfig */ = {isa = PBXFileReference; includeInIndex = 1; lastKnownFileType = text.xcconfig; name = "Pods-galleryTests.debug.xcconfig"; path = "Pods/Target Support Files/Pods-galleryTests/Pods-galleryTests.debug.xcconfig"; sourceTree = "<group>"; };
		F3112FEE392E896B4306B0FA /* Pods-galleryTests.release.xcconfig */ = {isa = PBXFileReference; includeInIndex = 1; lastKnownFileType = text.xcconfig; name = "Pods-galleryTests.release.xcconfig"; path = "Pods/Target Support Files/Pods-galleryTests/Pods-galleryTests.release.xcconfig"; sourceTree = "<group>"; };
/* End PBXFileReference section */

/* Begin PBXFrameworksBuildPhase section */
		18F029E31F551E4000ABFDA9 /* Frameworks */ = {
			isa = PBXFrameworksBuildPhase;
			buildActionMask = 2147483647;
			files = (
				619C2E761B590B2A965321BB /* Pods_gallery.framework in Frameworks */,
			);
			runOnlyForDeploymentPostprocessing = 0;
		};
		18F029FA1F551E4000ABFDA9 /* Frameworks */ = {
			isa = PBXFrameworksBuildPhase;
			buildActionMask = 2147483647;
			files = (
				A32693B5A2EBAE67FD920A13 /* Pods_galleryTests.framework in Frameworks */,
			);
			runOnlyForDeploymentPostprocessing = 0;
		};
/* End PBXFrameworksBuildPhase section */

/* Begin PBXGroup section */
		18E56D081F5929510015F39C /* Model */ = {
			isa = PBXGroup;
			children = (
				18E56D211F5AB50C0015F39C /* Story.swift */,
				18E56D231F5AB69C0015F39C /* Image.swift */,
				18E56D251F5ABDB10015F39C /* Storage.swift */,
				1868F8051F5C2B6800446829 /* StoryViewModel.swift */,
			);
			path = Model;
			sourceTree = "<group>";
		};
		18E56D091F5929510015F39C /* ViewController */ = {
			isa = PBXGroup;
			children = (
				18E56D0A1F5929780015F39C /* StoryListViewController.swift */,
				18E56D0C1F5929840015F39C /* StoryDetailViewController.swift */,
				18E56D1F1F5A57F50015F39C /* StoryAddViewController.swift */,
				18E56D181F593E770015F39C /* CameraViewController.swift */,
			);
			path = ViewController;
			sourceTree = "<group>";
		};
		18E56D0E1F5929E80015F39C /* View */ = {
			isa = PBXGroup;
			children = (
				18E56D0F1F5929FA0015F39C /* StoryCell.swift */,
				18E56D111F592A1D0015F39C /* ImageCell.swift */,
				18E56D131F592A640015F39C /* StoryDetailView.swift */,
				18E56D371F5C0D8C0015F39C /* KeyboardResignAccessoryView.swift */,
			);
			path = View;
			sourceTree = "<group>";
		};
		18E56D151F592BB50015F39C /* Util */ = {
			isa = PBXGroup;
			children = (
				18E56D291F5BD08C0015F39C /* ArrayExt.swift */,
				18E56D2B1F5C05610015F39C /* ImagePresentableProtocol.swift */,
				18E56D2F1F5C0A560015F39C /* Test.swift */,
			);
			path = Util;
			sourceTree = "<group>";
		};
		18E56D1A1F5942A90015F39C /* Camera */ = {
			isa = PBXGroup;
			children = (
				18E56D1B1F5942B40015F39C /* CameraView.swift */,
				18E56D1D1F59432A0015F39C /* CaptureSessionManager.swift */,
			);
			path = Camera;
			sourceTree = "<group>";
		};
		18E56D391F5C138F0015F39C /* TestResources */ = {
			isa = PBXGroup;
			children = (
				18E56D3A1F5C138F0015F39C /* t0.png */,
				18E56D3B1F5C138F0015F39C /* t1.png */,
				18E56D3C1F5C138F0015F39C /* t2.png */,
			);
			path = TestResources;
			sourceTree = "<group>";
		};
		18F029DD1F551E4000ABFDA9 = {
			isa = PBXGroup;
			children = (
				18F029E81F551E4000ABFDA9 /* gallery */,
				18F02A001F551E4000ABFDA9 /* galleryTests */,
				18F029E71F551E4000ABFDA9 /* Products */,
				BEE6BED995D5D7208184B147 /* Pods */,
				CCE712AC8388859337888B63 /* Frameworks */,
			);
			sourceTree = "<group>";
		};
		18F029E71F551E4000ABFDA9 /* Products */ = {
			isa = PBXGroup;
			children = (
				18F029E61F551E4000ABFDA9 /* gallery.app */,
				18F029FD1F551E4000ABFDA9 /* galleryTests.xctest */,
			);
			name = Products;
			sourceTree = "<group>";
		};
		18F029E81F551E4000ABFDA9 /* gallery */ = {
			isa = PBXGroup;
			children = (
				18E56D1A1F5942A90015F39C /* Camera */,
				18E56D151F592BB50015F39C /* Util */,
				18E56D081F5929510015F39C /* Model */,
				18E56D0E1F5929E80015F39C /* View */,
				18E56D091F5929510015F39C /* ViewController */,
				18F029E91F551E4000ABFDA9 /* AppDelegate.swift */,
				18F029F31F551E4000ABFDA9 /* Assets.xcassets */,
				18F029F51F551E4000ABFDA9 /* LaunchScreen.storyboard */,
				18F029F81F551E4000ABFDA9 /* Info.plist */,
			);
			path = gallery;
			sourceTree = "<group>";
		};
		18F02A001F551E4000ABFDA9 /* galleryTests */ = {
			isa = PBXGroup;
			children = (
				18E56D401F5C13AC0015F39C /* StorageTests.swift */,
				1868F8091F5C323600446829 /* ViewModelTests.swift */,
				18F02A011F551E4000ABFDA9 /* galleryTests.swift */,
				18F02A031F551E4000ABFDA9 /* Info.plist */,
				18E56D391F5C138F0015F39C /* TestResources */,
			);
			path = galleryTests;
			sourceTree = "<group>";
		};
		BEE6BED995D5D7208184B147 /* Pods */ = {
			isa = PBXGroup;
			children = (
				53D774B4A6A68A8599829E18 /* Pods-gallery.debug.xcconfig */,
				832779A70EF635C8E04BEA9A /* Pods-gallery.release.xcconfig */,
				C260400DE1DB896046D01E2A /* Pods-galleryTests.debug.xcconfig */,
				F3112FEE392E896B4306B0FA /* Pods-galleryTests.release.xcconfig */,
			);
			name = Pods;
			sourceTree = "<group>";
		};
		CCE712AC8388859337888B63 /* Frameworks */ = {
			isa = PBXGroup;
			children = (
				7829D32E1B97F02949339C7A /* Pods_gallery.framework */,
				A53548482FD0FE74C289BD5D /* Pods_galleryTests.framework */,
			);
			name = Frameworks;
			sourceTree = "<group>";
		};
/* End PBXGroup section */

/* Begin PBXNativeTarget section */
		18F029E51F551E4000ABFDA9 /* gallery */ = {
			isa = PBXNativeTarget;
			buildConfigurationList = 18F02A061F551E4000ABFDA9 /* Build configuration list for PBXNativeTarget "gallery" */;
			buildPhases = (
				87276CA0456D6B4FEFF50E90 /* [CP] Check Pods Manifest.lock */,
				18F029E21F551E4000ABFDA9 /* Sources */,
				18F029E31F551E4000ABFDA9 /* Frameworks */,
				18F029E41F551E4000ABFDA9 /* Resources */,
				2D7D04964B2C98631037D4F9 /* [CP] Embed Pods Frameworks */,
				EFE81D6CA90755238045490A /* [CP] Copy Pods Resources */,
			);
			buildRules = (
			);
			dependencies = (
			);
			name = gallery;
			productName = gallery;
			productReference = 18F029E61F551E4000ABFDA9 /* gallery.app */;
			productType = "com.apple.product-type.application";
		};
		18F029FC1F551E4000ABFDA9 /* galleryTests */ = {
			isa = PBXNativeTarget;
			buildConfigurationList = 18F02A091F551E4000ABFDA9 /* Build configuration list for PBXNativeTarget "galleryTests" */;
			buildPhases = (
				B526D37F60B15ED4D39D5B4D /* [CP] Check Pods Manifest.lock */,
				18F029F91F551E4000ABFDA9 /* Sources */,
				18F029FA1F551E4000ABFDA9 /* Frameworks */,
				18F029FB1F551E4000ABFDA9 /* Resources */,
				A453501503D63F5512761244 /* [CP] Embed Pods Frameworks */,
				503C5508D017AE7F5C8BF011 /* [CP] Copy Pods Resources */,
			);
			buildRules = (
			);
			dependencies = (
				18F029FF1F551E4000ABFDA9 /* PBXTargetDependency */,
			);
			name = galleryTests;
			productName = galleryTests;
			productReference = 18F029FD1F551E4000ABFDA9 /* galleryTests.xctest */;
			productType = "com.apple.product-type.bundle.unit-test";
		};
/* End PBXNativeTarget section */

/* Begin PBXProject section */
		18F029DE1F551E4000ABFDA9 /* Project object */ = {
			isa = PBXProject;
			attributes = {
				LastSwiftUpdateCheck = 0830;
				LastUpgradeCheck = 0830;
				ORGANIZATIONNAME = nothing;
				TargetAttributes = {
					18F029E51F551E4000ABFDA9 = {
						CreatedOnToolsVersion = 8.3.3;
						DevelopmentTeam = Y6RH48ATW6;
						ProvisioningStyle = Automatic;
					};
					18F029FC1F551E4000ABFDA9 = {
						CreatedOnToolsVersion = 8.3.3;
						ProvisioningStyle = Automatic;
						TestTargetID = 18F029E51F551E4000ABFDA9;
					};
				};
			};
			buildConfigurationList = 18F029E11F551E4000ABFDA9 /* Build configuration list for PBXProject "gallery" */;
			compatibilityVersion = "Xcode 3.2";
			developmentRegion = English;
			hasScannedForEncodings = 0;
			knownRegions = (
				en,
				Base,
			);
			mainGroup = 18F029DD1F551E4000ABFDA9;
			productRefGroup = 18F029E71F551E4000ABFDA9 /* Products */;
			projectDirPath = "";
			projectRoot = "";
			targets = (
				18F029E51F551E4000ABFDA9 /* gallery */,
				18F029FC1F551E4000ABFDA9 /* galleryTests */,
			);
		};
/* End PBXProject section */

/* Begin PBXResourcesBuildPhase section */
		18F029E41F551E4000ABFDA9 /* Resources */ = {
			isa = PBXResourcesBuildPhase;
			buildActionMask = 2147483647;
			files = (
				18F029F71F551E4000ABFDA9 /* LaunchScreen.storyboard in Resources */,
				18F029F41F551E4000ABFDA9 /* Assets.xcassets in Resources */,
			);
			runOnlyForDeploymentPostprocessing = 0;
		};
		18F029FB1F551E4000ABFDA9 /* Resources */ = {
			isa = PBXResourcesBuildPhase;
			buildActionMask = 2147483647;
			files = (
				18E56D3E1F5C138F0015F39C /* t1.png in Resources */,
				18E56D3F1F5C138F0015F39C /* t2.png in Resources */,
				18E56D3D1F5C138F0015F39C /* t0.png in Resources */,
			);
			runOnlyForDeploymentPostprocessing = 0;
		};
/* End PBXResourcesBuildPhase section */

/* Begin PBXShellScriptBuildPhase section */
		2D7D04964B2C98631037D4F9 /* [CP] Embed Pods Frameworks */ = {
			isa = PBXShellScriptBuildPhase;
			buildActionMask = 2147483647;
			files = (
			);
			inputPaths = (
			);
			name = "[CP] Embed Pods Frameworks";
			outputPaths = (
			);
			runOnlyForDeploymentPostprocessing = 0;
			shellPath = /bin/sh;
			shellScript = "\"${SRCROOT}/Pods/Target Support Files/Pods-gallery/Pods-gallery-frameworks.sh\"\n";
			showEnvVarsInLog = 0;
		};
		503C5508D017AE7F5C8BF011 /* [CP] Copy Pods Resources */ = {
			isa = PBXShellScriptBuildPhase;
			buildActionMask = 2147483647;
			files = (
			);
			inputPaths = (
			);
			name = "[CP] Copy Pods Resources";
			outputPaths = (
			);
			runOnlyForDeploymentPostprocessing = 0;
			shellPath = /bin/sh;
			shellScript = "\"${SRCROOT}/Pods/Target Support Files/Pods-galleryTests/Pods-galleryTests-resources.sh\"\n";
			showEnvVarsInLog = 0;
		};
		87276CA0456D6B4FEFF50E90 /* [CP] Check Pods Manifest.lock */ = {
			isa = PBXShellScriptBuildPhase;
			buildActionMask = 2147483647;
			files = (
			);
			inputPaths = (
			);
			name = "[CP] Check Pods Manifest.lock";
			outputPaths = (
			);
			runOnlyForDeploymentPostprocessing = 0;
			shellPath = /bin/sh;
			shellScript = "diff \"${PODS_PODFILE_DIR_PATH}/Podfile.lock\" \"${PODS_ROOT}/Manifest.lock\" > /dev/null\nif [ $? != 0 ] ; then\n    # print error to STDERR\n    echo \"error: The sandbox is not in sync with the Podfile.lock. Run 'pod install' or update your CocoaPods installation.\" >&2\n    exit 1\nfi\n";
			showEnvVarsInLog = 0;
		};
		A453501503D63F5512761244 /* [CP] Embed Pods Frameworks */ = {
			isa = PBXShellScriptBuildPhase;
			buildActionMask = 2147483647;
			files = (
			);
			inputPaths = (
			);
			name = "[CP] Embed Pods Frameworks";
			outputPaths = (
			);
			runOnlyForDeploymentPostprocessing = 0;
			shellPath = /bin/sh;
			shellScript = "\"${SRCROOT}/Pods/Target Support Files/Pods-galleryTests/Pods-galleryTests-frameworks.sh\"\n";
			showEnvVarsInLog = 0;
		};
		B526D37F60B15ED4D39D5B4D /* [CP] Check Pods Manifest.lock */ = {
			isa = PBXShellScriptBuildPhase;
			buildActionMask = 2147483647;
			files = (
			);
			inputPaths = (
			);
			name = "[CP] Check Pods Manifest.lock";
			outputPaths = (
			);
			runOnlyForDeploymentPostprocessing = 0;
			shellPath = /bin/sh;
			shellScript = "diff \"${PODS_PODFILE_DIR_PATH}/Podfile.lock\" \"${PODS_ROOT}/Manifest.lock\" > /dev/null\nif [ $? != 0 ] ; then\n    # print error to STDERR\n    echo \"error: The sandbox is not in sync with the Podfile.lock. Run 'pod install' or update your CocoaPods installation.\" >&2\n    exit 1\nfi\n";
			showEnvVarsInLog = 0;
		};
		EFE81D6CA90755238045490A /* [CP] Copy Pods Resources */ = {
			isa = PBXShellScriptBuildPhase;
			buildActionMask = 2147483647;
			files = (
			);
			inputPaths = (
			);
			name = "[CP] Copy Pods Resources";
			outputPaths = (
			);
			runOnlyForDeploymentPostprocessing = 0;
			shellPath = /bin/sh;
			shellScript = "\"${SRCROOT}/Pods/Target Support Files/Pods-gallery/Pods-gallery-resources.sh\"\n";
			showEnvVarsInLog = 0;
		};
/* End PBXShellScriptBuildPhase section */

/* Begin PBXSourcesBuildPhase section */
		18F029E21F551E4000ABFDA9 /* Sources */ = {
			isa = PBXSourcesBuildPhase;
			buildActionMask = 2147483647;
			files = (
				1868F8061F5C2B6800446829 /* StoryViewModel.swift in Sources */,
				18E56D0B1F5929780015F39C /* StoryListViewController.swift in Sources */,
				18E56D261F5ABDB10015F39C /* Storage.swift in Sources */,
				18E56D0D1F5929840015F39C /* StoryDetailViewController.swift in Sources */,
				18E56D1C1F5942B40015F39C /* CameraView.swift in Sources */,
				18F029EA1F551E4000ABFDA9 /* AppDelegate.swift in Sources */,
				18E56D301F5C0A560015F39C /* Test.swift in Sources */,
				18E56D1E1F59432A0015F39C /* CaptureSessionManager.swift in Sources */,
				18E56D241F5AB69C0015F39C /* Image.swift in Sources */,
				18E56D121F592A1D0015F39C /* ImageCell.swift in Sources */,
				18E56D201F5A57F50015F39C /* StoryAddViewController.swift in Sources */,
				18E56D101F5929FA0015F39C /* StoryCell.swift in Sources */,
				18E56D2A1F5BD08C0015F39C /* ArrayExt.swift in Sources */,
				18E56D141F592A640015F39C /* StoryDetailView.swift in Sources */,
				18E56D191F593E770015F39C /* CameraViewController.swift in Sources */,
				18E56D381F5C0D8C0015F39C /* KeyboardResignAccessoryView.swift in Sources */,
				18E56D221F5AB50C0015F39C /* Story.swift in Sources */,
				18E56D2C1F5C05610015F39C /* ImagePresentableProtocol.swift in Sources */,
			);
			runOnlyForDeploymentPostprocessing = 0;
		};
		18F029F91F551E4000ABFDA9 /* Sources */ = {
			isa = PBXSourcesBuildPhase;
			buildActionMask = 2147483647;
			files = (
				18F02A021F551E4000ABFDA9 /* galleryTests.swift in Sources */,
				18E56D411F5C13AC0015F39C /* StorageTests.swift in Sources */,
				1868F80A1F5C323600446829 /* ViewModelTests.swift in Sources */,
			);
			runOnlyForDeploymentPostprocessing = 0;
		};
/* End PBXSourcesBuildPhase section */

/* Begin PBXTargetDependency section */
		18F029FF1F551E4000ABFDA9 /* PBXTargetDependency */ = {
			isa = PBXTargetDependency;
			target = 18F029E51F551E4000ABFDA9 /* gallery */;
			targetProxy = 18F029FE1F551E4000ABFDA9 /* PBXContainerItemProxy */;
		};
/* End PBXTargetDependency section */

/* Begin PBXVariantGroup section */
		18F029F51F551E4000ABFDA9 /* LaunchScreen.storyboard */ = {
			isa = PBXVariantGroup;
			children = (
				18F029F61F551E4000ABFDA9 /* Base */,
			);
			name = LaunchScreen.storyboard;
			sourceTree = "<group>";
		};
/* End PBXVariantGroup section */

/* Begin XCBuildConfiguration section */
		18F02A041F551E4000ABFDA9 /* Debug */ = {
			isa = XCBuildConfiguration;
			buildSettings = {
				ALWAYS_SEARCH_USER_PATHS = NO;
				CLANG_ANALYZER_NONNULL = YES;
				CLANG_ANALYZER_NUMBER_OBJECT_CONVERSION = YES_AGGRESSIVE;
				CLANG_CXX_LANGUAGE_STANDARD = "gnu++0x";
				CLANG_CXX_LIBRARY = "libc++";
				CLANG_ENABLE_MODULES = YES;
				CLANG_ENABLE_OBJC_ARC = YES;
				CLANG_WARN_BOOL_CONVERSION = YES;
				CLANG_WARN_CONSTANT_CONVERSION = YES;
				CLANG_WARN_DIRECT_OBJC_ISA_USAGE = YES_ERROR;
				CLANG_WARN_DOCUMENTATION_COMMENTS = YES;
				CLANG_WARN_EMPTY_BODY = YES;
				CLANG_WARN_ENUM_CONVERSION = YES;
				CLANG_WARN_INFINITE_RECURSION = YES;
				CLANG_WARN_INT_CONVERSION = YES;
				CLANG_WARN_OBJC_ROOT_CLASS = YES_ERROR;
				CLANG_WARN_SUSPICIOUS_MOVE = YES;
				CLANG_WARN_UNREACHABLE_CODE = YES;
				CLANG_WARN__DUPLICATE_METHOD_MATCH = YES;
				"CODE_SIGN_IDENTITY[sdk=iphoneos*]" = "iPhone Developer";
				COPY_PHASE_STRIP = NO;
				DEBUG_INFORMATION_FORMAT = dwarf;
				ENABLE_STRICT_OBJC_MSGSEND = YES;
				ENABLE_TESTABILITY = YES;
				GCC_C_LANGUAGE_STANDARD = gnu99;
				GCC_DYNAMIC_NO_PIC = NO;
				GCC_NO_COMMON_BLOCKS = YES;
				GCC_OPTIMIZATION_LEVEL = 0;
				GCC_PREPROCESSOR_DEFINITIONS = (
					"DEBUG=1",
					"$(inherited)",
				);
				GCC_WARN_64_TO_32_BIT_CONVERSION = YES;
				GCC_WARN_ABOUT_RETURN_TYPE = YES_ERROR;
				GCC_WARN_UNDECLARED_SELECTOR = YES;
				GCC_WARN_UNINITIALIZED_AUTOS = YES_AGGRESSIVE;
				GCC_WARN_UNUSED_FUNCTION = YES;
				GCC_WARN_UNUSED_VARIABLE = YES;
				IPHONEOS_DEPLOYMENT_TARGET = 10.3;
				MTL_ENABLE_DEBUG_INFO = YES;
				ONLY_ACTIVE_ARCH = YES;
				SDKROOT = iphoneos;
				SWIFT_ACTIVE_COMPILATION_CONDITIONS = DEBUG;
				SWIFT_OPTIMIZATION_LEVEL = "-Onone";
			};
			name = Debug;
		};
		18F02A051F551E4000ABFDA9 /* Release */ = {
			isa = XCBuildConfiguration;
			buildSettings = {
				ALWAYS_SEARCH_USER_PATHS = NO;
				CLANG_ANALYZER_NONNULL = YES;
				CLANG_ANALYZER_NUMBER_OBJECT_CONVERSION = YES_AGGRESSIVE;
				CLANG_CXX_LANGUAGE_STANDARD = "gnu++0x";
				CLANG_CXX_LIBRARY = "libc++";
				CLANG_ENABLE_MODULES = YES;
				CLANG_ENABLE_OBJC_ARC = YES;
				CLANG_WARN_BOOL_CONVERSION = YES;
				CLANG_WARN_CONSTANT_CONVERSION = YES;
				CLANG_WARN_DIRECT_OBJC_ISA_USAGE = YES_ERROR;
				CLANG_WARN_DOCUMENTATION_COMMENTS = YES;
				CLANG_WARN_EMPTY_BODY = YES;
				CLANG_WARN_ENUM_CONVERSION = YES;
				CLANG_WARN_INFINITE_RECURSION = YES;
				CLANG_WARN_INT_CONVERSION = YES;
				CLANG_WARN_OBJC_ROOT_CLASS = YES_ERROR;
				CLANG_WARN_SUSPICIOUS_MOVE = YES;
				CLANG_WARN_UNREACHABLE_CODE = YES;
				CLANG_WARN__DUPLICATE_METHOD_MATCH = YES;
				"CODE_SIGN_IDENTITY[sdk=iphoneos*]" = "iPhone Developer";
				COPY_PHASE_STRIP = NO;
				DEBUG_INFORMATION_FORMAT = "dwarf-with-dsym";
				ENABLE_NS_ASSERTIONS = NO;
				ENABLE_STRICT_OBJC_MSGSEND = YES;
				GCC_C_LANGUAGE_STANDARD = gnu99;
				GCC_NO_COMMON_BLOCKS = YES;
				GCC_WARN_64_TO_32_BIT_CONVERSION = YES;
				GCC_WARN_ABOUT_RETURN_TYPE = YES_ERROR;
				GCC_WARN_UNDECLARED_SELECTOR = YES;
				GCC_WARN_UNINITIALIZED_AUTOS = YES_AGGRESSIVE;
				GCC_WARN_UNUSED_FUNCTION = YES;
				GCC_WARN_UNUSED_VARIABLE = YES;
				IPHONEOS_DEPLOYMENT_TARGET = 10.3;
				MTL_ENABLE_DEBUG_INFO = NO;
				SDKROOT = iphoneos;
				SWIFT_OPTIMIZATION_LEVEL = "-Owholemodule";
				VALIDATE_PRODUCT = YES;
			};
			name = Release;
		};
		18F02A071F551E4000ABFDA9 /* Debug */ = {
			isa = XCBuildConfiguration;
			baseConfigurationReference = 53D774B4A6A68A8599829E18 /* Pods-gallery.debug.xcconfig */;
			buildSettings = {
				ASSETCATALOG_COMPILER_APPICON_NAME = AppIcon;
				DEVELOPMENT_TEAM = Y6RH48ATW6;
				INFOPLIST_FILE = gallery/Info.plist;
				LD_RUNPATH_SEARCH_PATHS = "$(inherited) @executable_path/Frameworks";
				PRODUCT_BUNDLE_IDENTIFIER = com.nothing.gallery;
				PRODUCT_NAME = "$(TARGET_NAME)";
				SWIFT_VERSION = 3.0;
			};
			name = Debug;
		};
		18F02A081F551E4000ABFDA9 /* Release */ = {
			isa = XCBuildConfiguration;
			baseConfigurationReference = 832779A70EF635C8E04BEA9A /* Pods-gallery.release.xcconfig */;
			buildSettings = {
				ASSETCATALOG_COMPILER_APPICON_NAME = AppIcon;
				DEVELOPMENT_TEAM = Y6RH48ATW6;
				INFOPLIST_FILE = gallery/Info.plist;
				LD_RUNPATH_SEARCH_PATHS = "$(inherited) @executable_path/Frameworks";
				PRODUCT_BUNDLE_IDENTIFIER = com.nothing.gallery;
				PRODUCT_NAME = "$(TARGET_NAME)";
				SWIFT_VERSION = 3.0;
			};
			name = Release;
		};
		18F02A0A1F551E4000ABFDA9 /* Debug */ = {
			isa = XCBuildConfiguration;
			baseConfigurationReference = C260400DE1DB896046D01E2A /* Pods-galleryTests.debug.xcconfig */;
			buildSettings = {
				ALWAYS_EMBED_SWIFT_STANDARD_LIBRARIES = YES;
				BUNDLE_LOADER = "$(TEST_HOST)";
				INFOPLIST_FILE = galleryTests/Info.plist;
				LD_RUNPATH_SEARCH_PATHS = "$(inherited) @executable_path/Frameworks @loader_path/Frameworks";
				PRODUCT_BUNDLE_IDENTIFIER = com.nothing.galleryTests;
				PRODUCT_NAME = "$(TARGET_NAME)";
				SWIFT_VERSION = 3.0;
				TEST_HOST = "$(BUILT_PRODUCTS_DIR)/gallery.app/gallery";
			};
			name = Debug;
		};
		18F02A0B1F551E4000ABFDA9 /* Release */ = {
			isa = XCBuildConfiguration;
			baseConfigurationReference = F3112FEE392E896B4306B0FA /* Pods-galleryTests.release.xcconfig */;
			buildSettings = {
				ALWAYS_EMBED_SWIFT_STANDARD_LIBRARIES = YES;
				BUNDLE_LOADER = "$(TEST_HOST)";
				INFOPLIST_FILE = galleryTests/Info.plist;
				LD_RUNPATH_SEARCH_PATHS = "$(inherited) @executable_path/Frameworks @loader_path/Frameworks";
				PRODUCT_BUNDLE_IDENTIFIER = com.nothing.galleryTests;
				PRODUCT_NAME = "$(TARGET_NAME)";
				SWIFT_VERSION = 3.0;
				TEST_HOST = "$(BUILT_PRODUCTS_DIR)/gallery.app/gallery";
			};
			name = Release;
		};
/* End XCBuildConfiguration section */

/* Begin XCConfigurationList section */
		18F029E11F551E4000ABFDA9 /* Build configuration list for PBXProject "gallery" */ = {
			isa = XCConfigurationList;
			buildConfigurations = (
				18F02A041F551E4000ABFDA9 /* Debug */,
				18F02A051F551E4000ABFDA9 /* Release */,
			);
			defaultConfigurationIsVisible = 0;
			defaultConfigurationName = Release;
		};
		18F02A061F551E4000ABFDA9 /* Build configuration list for PBXNativeTarget "gallery" */ = {
			isa = XCConfigurationList;
			buildConfigurations = (
				18F02A071F551E4000ABFDA9 /* Debug */,
				18F02A081F551E4000ABFDA9 /* Release */,
			);
			defaultConfigurationIsVisible = 0;
			defaultConfigurationName = Release;
		};
		18F02A091F551E4000ABFDA9 /* Build configuration list for PBXNativeTarget "galleryTests" */ = {
			isa = XCConfigurationList;
			buildConfigurations = (
				18F02A0A1F551E4000ABFDA9 /* Debug */,
				18F02A0B1F551E4000ABFDA9 /* Release */,
			);
			defaultConfigurationIsVisible = 0;
			defaultConfigurationName = Release;
		};
/* End XCConfigurationList section */
	};
	rootObject = 18F029DE1F551E4000ABFDA9 /* Project object */;
}
